
Microsoft Visual Studio Solution File, Format Version 12.00
# Visual Studio Version 17
VisualStudioVersion = 17.1.32228.430
MinimumVisualStudioVersion = 10.0.40219.1
Project("{FAE04EC0-301F-11D3-BF4B-00C04F79EFBC}") = "DSA_Assignment1", "DSA_Assignment1\DSA_Assignment1.csproj", "{46F9DD72-3597-40A4-802E-7454B3F08717}"
EndProject
Global
	GlobalSection(SolutionConfigurationPlatforms) = preSolution
		Debug|Any CPU = Debug|Any CPU
		Release|Any CPU = Release|Any CPU
	EndGlobalSection
	GlobalSection(ProjectConfigurationPlatforms) = postSolution
		{46F9DD72-3597-40A4-802E-7454B3F08717}.Debug|Any CPU.ActiveCfg = Debug|Any CPU
		{46F9DD72-3597-40A4-802E-7454B3F08717}.Debug|Any CPU.Build.0 = Debug|Any CPU
		{46F9DD72-3597-40A4-802E-7454B3F08717}.Release|Any CPU.ActiveCfg = Release|Any CPU
		{46F9DD72-3597-40A4-802E-7454B3F08717}.Release|Any CPU.Build.0 = Release|Any CPU
	EndGlobalSection
	GlobalSection(SolutionProperties) = preSolution
		HideSolutionNode = FALSE
	EndGlobalSection
	GlobalSection(ExtensibilityGlobals) = postSolution
		SolutionGuid = {770D9087-22A9-4B11-8A86-BEC5A5B40A48}
	EndGlobalSection
EndGlobal
